// !$*UTF8*$!
{
	archiveVersion = 1;
	classes = {
	};
	objectVersion = 50;
	objects = {

/* Begin PBXBuildFile section */
		42956E6526CD8E4F00AF696C /* AppDelegate.swift in Sources */ = {isa = PBXBuildFile; fileRef = 42956E6426CD8E4F00AF696C /* AppDelegate.swift */; };
		42956E6726CD8E4F00AF696C /* SceneDelegate.swift in Sources */ = {isa = PBXBuildFile; fileRef = 42956E6626CD8E4F00AF696C /* SceneDelegate.swift */; };
		42956E6926CD8E4F00AF696C /* ViewController.swift in Sources */ = {isa = PBXBuildFile; fileRef = 42956E6826CD8E4F00AF696C /* ViewController.swift */; };
		42956E6C26CD8E4F00AF696C /* Main.storyboard in Resources */ = {isa = PBXBuildFile; fileRef = 42956E6A26CD8E4F00AF696C /* Main.storyboard */; };
		42956E6E26CD8E5000AF696C /* Assets.xcassets in Resources */ = {isa = PBXBuildFile; fileRef = 42956E6D26CD8E5000AF696C /* Assets.xcassets */; };
		42956E7126CD8E5000AF696C /* LaunchScreen.storyboard in Resources */ = {isa = PBXBuildFile; fileRef = 42956E6F26CD8E5000AF696C /* LaunchScreen.storyboard */; };
		42956E7C26CD8E5000AF696C /* preworkTests.swift in Sources */ = {isa = PBXBuildFile; fileRef = 42956E7B26CD8E5000AF696C /* preworkTests.swift */; };
		42956E8726CD8E5000AF696C /* preworkUITests.swift in Sources */ = {isa = PBXBuildFile; fileRef = 42956E8626CD8E5000AF696C /* preworkUITests.swift */; };
/* End PBXBuildFile section */

/* Begin PBXContainerItemProxy section */
		42956E7826CD8E5000AF696C /* PBXContainerItemProxy */ = {
			isa = PBXContainerItemProxy;
			containerPortal = 42956E5926CD8E4F00AF696C /* Project object */;
			proxyType = 1;
			remoteGlobalIDString = 42956E6026CD8E4F00AF696C;
			remoteInfo = prework;
		};
		42956E8326CD8E5000AF696C /* PBXContainerItemProxy */ = {
			isa = PBXContainerItemProxy;
			containerPortal = 42956E5926CD8E4F00AF696C /* Project object */;
			proxyType = 1;
			remoteGlobalIDString = 42956E6026CD8E4F00AF696C;
			remoteInfo = prework;
		};
/* End PBXContainerItemProxy section */

/* Begin PBXFileReference section */
		42956E6126CD8E4F00AF696C /* prework.app */ = {isa = PBXFileReference; explicitFileType = wrapper.application; includeInIndex = 0; path = prework.app; sourceTree = BUILT_PRODUCTS_DIR; };
		42956E6426CD8E4F00AF696C /* AppDelegate.swift */ = {isa = PBXFileReference; lastKnownFileType = sourcecode.swift; path = AppDelegate.swift; sourceTree = "<group>"; };
		42956E6626CD8E4F00AF696C /* SceneDelegate.swift */ = {isa = PBXFileReference; lastKnownFileType = sourcecode.swift; path = SceneDelegate.swift; sourceTree = "<group>"; };
		42956E6826CD8E4F00AF696C /* ViewController.swift */ = {isa = PBXFileReference; lastKnownFileType = sourcecode.swift; path = ViewController.swift; sourceTree = "<group>"; };
		42956E6B26CD8E4F00AF696C /* Base */ = {isa = PBXFileReference; lastKnownFileType = file.storyboard; name = Base; path = Base.lproj/Main.storyboard; sourceTree = "<group>"; };
		42956E6D26CD8E5000AF696C /* Assets.xcassets */ = {isa = PBXFileReference; lastKnownFileType = folder.assetcatalog; path = Assets.xcassets; sourceTree = "<group>"; };
		42956E7026CD8E5000AF696C /* Base */ = {isa = PBXFileReference; lastKnownFileType = file.storyboard; name = Base; path = Base.lproj/LaunchScreen.storyboard; sourceTree = "<group>"; };
		42956E7226CD8E5000AF696C /* Info.plist */ = {isa = PBXFileReference; lastKnownFileType = text.plist.xml; path = Info.plist; sourceTree = "<group>"; };
		42956E7726CD8E5000AF696C /* preworkTests.xctest */ = {isa = PBXFileReference; explicitFileType = wrapper.cfbundle; includeInIndex = 0; path = preworkTests.xctest; sourceTree = BUILT_PRODUCTS_DIR; };
		42956E7B26CD8E5000AF696C /* preworkTests.swift */ = {isa = PBXFileReference; lastKnownFileType = sourcecode.swift; path = preworkTests.swift; sourceTree = "<group>"; };
		42956E7D26CD8E5000AF696C /* Info.plist */ = {isa = PBXFileReference; lastKnownFileType = text.plist.xml; path = Info.plist; sourceTree = "<group>"; };
		42956E8226CD8E5000AF696C /* preworkUITests.xctest */ = {isa = PBXFileReference; explicitFileType = wrapper.cfbundle; includeInIndex = 0; path = preworkUITests.xctest; sourceTree = BUILT_PRODUCTS_DIR; };
		42956E8626CD8E5000AF696C /* preworkUITests.swift */ = {isa = PBXFileReference; lastKnownFileType = sourcecode.swift; path = preworkUITests.swift; sourceTree = "<group>"; };
		42956E8826CD8E5000AF696C /* Info.plist */ = {isa = PBXFileReference; lastKnownFileType = text.plist.xml; path = Info.plist; sourceTree = "<group>"; };
/* End PBXFileReference section */

/* Begin PBXFrameworksBuildPhase section */
		42956E5E26CD8E4F00AF696C /* Frameworks */ = {
			isa = PBXFrameworksBuildPhase;
			buildActionMask = 2147483647;
			files = (
			);
			runOnlyForDeploymentPostprocessing = 0;
		};
		42956E7426CD8E5000AF696C /* Frameworks */ = {
			isa = PBXFrameworksBuildPhase;
			buildActionMask = 2147483647;
			files = (
			);
			runOnlyForDeploymentPostprocessing = 0;
		};
		42956E7F26CD8E5000AF696C /* Frameworks */ = {
			isa = PBXFrameworksBuildPhase;
			buildActionMask = 2147483647;
			files = (
			);
			runOnlyForDeploymentPostprocessing = 0;
		};
/* End PBXFrameworksBuildPhase section */

/* Begin PBXGroup section */
		42956E5826CD8E4F00AF696C = {
			isa = PBXGroup;
			children = (
				42956E6326CD8E4F00AF696C /* prework */,
				42956E7A26CD8E5000AF696C /* preworkTests */,
				42956E8526CD8E5000AF696C /* preworkUITests */,
				42956E6226CD8E4F00AF696C /* Products */,
			);
			sourceTree = "<group>";
		};
		42956E6226CD8E4F00AF696C /* Products */ = {
			isa = PBXGroup;
			children = (
				42956E6126CD8E4F00AF696C /* prework.app */,
				42956E7726CD8E5000AF696C /* preworkTests.xctest */,
				42956E8226CD8E5000AF696C /* preworkUITests.xctest */,
			);
			name = Products;
			sourceTree = "<group>";
		};
		42956E6326CD8E4F00AF696C /* prework */ = {
			isa = PBXGroup;
			children = (
				42956E6426CD8E4F00AF696C /* AppDelegate.swift */,
				42956E6626CD8E4F00AF696C /* SceneDelegate.swift */,
				42956E6826CD8E4F00AF696C /* ViewController.swift */,
				42956E6A26CD8E4F00AF696C /* Main.storyboard */,
				42956E6D26CD8E5000AF696C /* Assets.xcassets */,
				42956E6F26CD8E5000AF696C /* LaunchScreen.storyboard */,
				42956E7226CD8E5000AF696C /* Info.plist */,
			);
			path = prework;
			sourceTree = "<group>";
		};
		42956E7A26CD8E5000AF696C /* preworkTests */ = {
			isa = PBXGroup;
			children = (
				42956E7B26CD8E5000AF696C /* preworkTests.swift */,
				42956E7D26CD8E5000AF696C /* Info.plist */,
			);
			path = preworkTests;
			sourceTree = "<group>";
		};
		42956E8526CD8E5000AF696C /* preworkUITests */ = {
			isa = PBXGroup;
			children = (
				42956E8626CD8E5000AF696C /* preworkUITests.swift */,
				42956E8826CD8E5000AF696C /* Info.plist */,
			);
			path = preworkUITests;
			sourceTree = "<group>";
		};
/* End PBXGroup section */

/* Begin PBXNativeTarget section */
		42956E6026CD8E4F00AF696C /* prework */ = {
			isa = PBXNativeTarget;
			buildConfigurationList = 42956E8B26CD8E5000AF696C /* Build configuration list for PBXNativeTarget "prework" */;
			buildPhases = (
				42956E5D26CD8E4F00AF696C /* Sources */,
				42956E5E26CD8E4F00AF696C /* Frameworks */,
				42956E5F26CD8E4F00AF696C /* Resources */,
			);
			buildRules = (
			);
			dependencies = (
			);
			name = prework;
			productName = prework;
			productReference = 42956E6126CD8E4F00AF696C /* prework.app */;
			productType = "com.apple.product-type.application";
		};
		42956E7626CD8E5000AF696C /* preworkTests */ = {
			isa = PBXNativeTarget;
			buildConfigurationList = 42956E8E26CD8E5000AF696C /* Build configuration list for PBXNativeTarget "preworkTests" */;
			buildPhases = (
				42956E7326CD8E5000AF696C /* Sources */,
				42956E7426CD8E5000AF696C /* Frameworks */,
				42956E7526CD8E5000AF696C /* Resources */,
			);
			buildRules = (
			);
			dependencies = (
				42956E7926CD8E5000AF696C /* PBXTargetDependency */,
			);
			name = preworkTests;
			productName = preworkTests;
			productReference = 42956E7726CD8E5000AF696C /* preworkTests.xctest */;
			productType = "com.apple.product-type.bundle.unit-test";
		};
		42956E8126CD8E5000AF696C /* preworkUITests */ = {
			isa = PBXNativeTarget;
			buildConfigurationList = 42956E9126CD8E5000AF696C /* Build configuration list for PBXNativeTarget "preworkUITests" */;
			buildPhases = (
				42956E7E26CD8E5000AF696C /* Sources */,
				42956E7F26CD8E5000AF696C /* Frameworks */,
				42956E8026CD8E5000AF696C /* Resources */,
			);
			buildRules = (
			);
			dependencies = (
				42956E8426CD8E5000AF696C /* PBXTargetDependency */,
			);
			name = preworkUITests;
			productName = preworkUITests;
			productReference = 42956E8226CD8E5000AF696C /* preworkUITests.xctest */;
			productType = "com.apple.product-type.bundle.ui-testing";
		};
/* End PBXNativeTarget section */

/* Begin PBXProject section */
		42956E5926CD8E4F00AF696C /* Project object */ = {
			isa = PBXProject;
			attributes = {
				LastSwiftUpdateCheck = 1250;
				LastUpgradeCheck = 1250;
				TargetAttributes = {
					42956E6026CD8E4F00AF696C = {
						CreatedOnToolsVersion = 12.5.1;
					};
					42956E7626CD8E5000AF696C = {
						CreatedOnToolsVersion = 12.5.1;
						TestTargetID = 42956E6026CD8E4F00AF696C;
					};
					42956E8126CD8E5000AF696C = {
						CreatedOnToolsVersion = 12.5.1;
						TestTargetID = 42956E6026CD8E4F00AF696C;
					};
				};
			};
			buildConfigurationList = 42956E5C26CD8E4F00AF696C /* Build configuration list for PBXProject "prework" */;
			compatibilityVersion = "Xcode 9.3";
			developmentRegion = en;
			hasScannedForEncodings = 0;
			knownRegions = (
				en,
				Base,
			);
			mainGroup = 42956E5826CD8E4F00AF696C;
			productRefGroup = 42956E6226CD8E4F00AF696C /* Products */;
			projectDirPath = "";
			projectRoot = "";
			targets = (
				42956E6026CD8E4F00AF696C /* prework */,
				42956E7626CD8E5000AF696C /* preworkTests */,
				42956E8126CD8E5000AF696C /* preworkUITests */,
			);
		};
/* End PBXProject section */

/* Begin PBXResourcesBuildPhase section */
		42956E5F26CD8E4F00AF696C /* Resources */ = {
			isa = PBXResourcesBuildPhase;
			buildActionMask = 2147483647;
			files = (
				42956E7126CD8E5000AF696C /* LaunchScreen.storyboard in Resources */,
				42956E6E26CD8E5000AF696C /* Assets.xcassets in Resources */,
				42956E6C26CD8E4F00AF696C /* Main.storyboard in Resources */,
			);
			runOnlyForDeploymentPostprocessing = 0;
		};
		42956E7526CD8E5000AF696C /* Resources */ = {
			isa = PBXResourcesBuildPhase;
			buildActionMask = 2147483647;
			files = (
			);
			runOnlyForDeploymentPostprocessing = 0;
		};
		42956E8026CD8E5000AF696C /* Resources */ = {
			isa = PBXResourcesBuildPhase;
			buildActionMask = 2147483647;
			files = (
			);
			runOnlyForDeploymentPostprocessing = 0;
		};
/* End PBXResourcesBuildPhase section */

/* Begin PBXSourcesBuildPhase section */
		42956E5D26CD8E4F00AF696C /* Sources */ = {
			isa = PBXSourcesBuildPhase;
			buildActionMask = 2147483647;
			files = (
				42956E6926CD8E4F00AF696C /* ViewController.swift in Sources */,
				42956E6526CD8E4F00AF696C /* AppDelegate.swift in Sources */,
				42956E6726CD8E4F00AF696C /* SceneDelegate.swift in Sources */,
			);
			runOnlyForDeploymentPostprocessing = 0;
		};
		42956E7326CD8E5000AF696C /* Sources */ = {
			isa = PBXSourcesBuildPhase;
			buildActionMask = 2147483647;
			files = (
				42956E7C26CD8E5000AF696C /* preworkTests.swift in Sources */,
			);
			runOnlyForDeploymentPostprocessing = 0;
		};
		42956E7E26CD8E5000AF696C /* Sources */ = {
			isa = PBXSourcesBuildPhase;
			buildActionMask = 2147483647;
			files = (
				42956E8726CD8E5000AF696C /* preworkUITests.swift in Sources */,
			);
			runOnlyForDeploymentPostprocessing = 0;
		};
/* End PBXSourcesBuildPhase section */

/* Begin PBXTargetDependency section */
		42956E7926CD8E5000AF696C /* PBXTargetDependency */ = {
			isa = PBXTargetDependency;
			target = 42956E6026CD8E4F00AF696C /* prework */;
			targetProxy = 42956E7826CD8E5000AF696C /* PBXContainerItemProxy */;
		};
		42956E8426CD8E5000AF696C /* PBXTargetDependency */ = {
			isa = PBXTargetDependency;
			target = 42956E6026CD8E4F00AF696C /* prework */;
			targetProxy = 42956E8326CD8E5000AF696C /* PBXContainerItemProxy */;
		};
/* End PBXTargetDependency section */

/* Begin PBXVariantGroup section */
		42956E6A26CD8E4F00AF696C /* Main.storyboard */ = {
			isa = PBXVariantGroup;
			children = (
				42956E6B26CD8E4F00AF696C /* Base */,
			);
			name = Main.storyboard;
			sourceTree = "<group>";
		};
		42956E6F26CD8E5000AF696C /* LaunchScreen.storyboard */ = {
			isa = PBXVariantGroup;
			children = (
				42956E7026CD8E5000AF696C /* Base */,
			);
			name = LaunchScreen.storyboard;
			sourceTree = "<group>";
		};
/* End PBXVariantGroup section */

/* Begin XCBuildConfiguration section */
		42956E8926CD8E5000AF696C /* Debug */ = {
			isa = XCBuildConfiguration;
			buildSettings = {
				ALWAYS_SEARCH_USER_PATHS = NO;
				CLANG_ANALYZER_NONNULL = YES;
				CLANG_ANALYZER_NUMBER_OBJECT_CONVERSION = YES_AGGRESSIVE;
				CLANG_CXX_LANGUAGE_STANDARD = "gnu++14";
				CLANG_CXX_LIBRARY = "libc++";
				CLANG_ENABLE_MODULES = YES;
				CLANG_ENABLE_OBJC_ARC = YES;
				CLANG_ENABLE_OBJC_WEAK = YES;
				CLANG_WARN_BLOCK_CAPTURE_AUTORELEASING = YES;
				CLANG_WARN_BOOL_CONVERSION = YES;
				CLANG_WARN_COMMA = YES;
				CLANG_WARN_CONSTANT_CONVERSION = YES;
				CLANG_WARN_DEPRECATED_OBJC_IMPLEMENTATIONS = YES;
				CLANG_WARN_DIRECT_OBJC_ISA_USAGE = YES_ERROR;
				CLANG_WARN_DOCUMENTATION_COMMENTS = YES;
				CLANG_WARN_EMPTY_BODY = YES;
				CLANG_WARN_ENUM_CONVERSION = YES;
				CLANG_WARN_INFINITE_RECURSION = YES;
				CLANG_WARN_INT_CONVERSION = YES;
				CLANG_WARN_NON_LITERAL_NULL_CONVERSION = YES;
				CLANG_WARN_OBJC_IMPLICIT_RETAIN_SELF = YES;
				CLANG_WARN_OBJC_LITERAL_CONVERSION = YES;
				CLANG_WARN_OBJC_ROOT_CLASS = YES_ERROR;
				CLANG_WARN_QUOTED_INCLUDE_IN_FRAMEWORK_HEADER = YES;
				CLANG_WARN_RANGE_LOOP_ANALYSIS = YES;
				CLANG_WARN_STRICT_PROTOTYPES = YES;
				CLANG_WARN_SUSPICIOUS_MOVE = YES;
				CLANG_WARN_UNGUARDED_AVAILABILITY = YES_AGGRESSIVE;
				CLANG_WARN_UNREACHABLE_CODE = YES;
				CLANG_WARN__DUPLICATE_METHOD_MATCH = YES;
				COPY_PHASE_STRIP = NO;
				DEBUG_INFORMATION_FORMAT = dwarf;
				ENABLE_STRICT_OBJC_MSGSEND = YES;
				ENABLE_TESTABILITY = YES;
				GCC_C_LANGUAGE_STANDARD = gnu11;
				GCC_DYNAMIC_NO_PIC = NO;
				GCC_NO_COMMON_BLOCKS = YES;
				GCC_OPTIMIZATION_LEVEL = 0;
				GCC_PREPROCESSOR_DEFINITIONS = (
					"DEBUG=1",
					"$(inherited)",
				);
				GCC_WARN_64_TO_32_BIT_CONVERSION = YES;
				GCC_WARN_ABOUT_RETURN_TYPE = YES_ERROR;
				GCC_WARN_UNDECLARED_SELECTOR = YES;
				GCC_WARN_UNINITIALIZED_AUTOS = YES_AGGRESSIVE;
				GCC_WARN_UNUSED_FUNCTION = YES;
				GCC_WARN_UNUSED_VARIABLE = YES;
				IPHONEOS_DEPLOYMENT_TARGET = 14.5;
				MTL_ENABLE_DEBUG_INFO = INCLUDE_SOURCE;
				MTL_FAST_MATH = YES;
				ONLY_ACTIVE_ARCH = YES;
				SDKROOT = iphoneos;
				SWIFT_ACTIVE_COMPILATION_CONDITIONS = DEBUG;
				SWIFT_OPTIMIZATION_LEVEL = "-Onone";
			};
			name = Debug;
		};
		42956E8A26CD8E5000AF696C /* Release */ = {
			isa = XCBuildConfiguration;
			buildSettings = {
				ALWAYS_SEARCH_USER_PATHS = NO;
				CLANG_ANALYZER_NONNULL = YES;
				CLANG_ANALYZER_NUMBER_OBJECT_CONVERSION = YES_AGGRESSIVE;
				CLANG_CXX_LANGUAGE_STANDARD = "gnu++14";
				CLANG_CXX_LIBRARY = "libc++";
				CLANG_ENABLE_MODULES = YES;
				CLANG_ENABLE_OBJC_ARC = YES;
				CLANG_ENABLE_OBJC_WEAK = YES;
				CLANG_WARN_BLOCK_CAPTURE_AUTORELEASING = YES;
				CLANG_WARN_BOOL_CONVERSION = YES;
				CLANG_WARN_COMMA = YES;
				CLANG_WARN_CONSTANT_CONVERSION = YES;
				CLANG_WARN_DEPRECATED_OBJC_IMPLEMENTATIONS = YES;
				CLANG_WARN_DIRECT_OBJC_ISA_USAGE = YES_ERROR;
				CLANG_WARN_DOCUMENTATION_COMMENTS = YES;
				CLANG_WARN_EMPTY_BODY = YES;
				CLANG_WARN_ENUM_CONVERSION = YES;
				CLANG_WARN_INFINITE_RECURSION = YES;
				CLANG_WARN_INT_CONVERSION = YES;
				CLANG_WARN_NON_LITERAL_NULL_CONVERSION = YES;
				CLANG_WARN_OBJC_IMPLICIT_RETAIN_SELF = YES;
				CLANG_WARN_OBJC_LITERAL_CONVERSION = YES;
				CLANG_WARN_OBJC_ROOT_CLASS = YES_ERROR;
				CLANG_WARN_QUOTED_INCLUDE_IN_FRAMEWORK_HEADER = YES;
				CLANG_WARN_RANGE_LOOP_ANALYSIS = YES;
				CLANG_WARN_STRICT_PROTOTYPES = YES;
				CLANG_WARN_SUSPICIOUS_MOVE = YES;
				CLANG_WARN_UNGUARDED_AVAILABILITY = YES_AGGRESSIVE;
				CLANG_WARN_UNREACHABLE_CODE = YES;
				CLANG_WARN__DUPLICATE_METHOD_MATCH = YES;
				COPY_PHASE_STRIP = NO;
				DEBUG_INFORMATION_FORMAT = "dwarf-with-dsym";
				ENABLE_NS_ASSERTIONS = NO;
				ENABLE_STRICT_OBJC_MSGSEND = YES;
				GCC_C_LANGUAGE_STANDARD = gnu11;
				GCC_NO_COMMON_BLOCKS = YES;
				GCC_WARN_64_TO_32_BIT_CONVERSION = YES;
				GCC_WARN_ABOUT_RETURN_TYPE = YES_ERROR;
				GCC_WARN_UNDECLARED_SELECTOR = YES;
				GCC_WARN_UNINITIALIZED_AUTOS = YES_AGGRESSIVE;
				GCC_WARN_UNUSED_FUNCTION = YES;
				GCC_WARN_UNUSED_VARIABLE = YES;
				IPHONEOS_DEPLOYMENT_TARGET = 14.5;
				MTL_ENABLE_DEBUG_INFO = NO;
				MTL_FAST_MATH = YES;
				SDKROOT = iphoneos;
				SWIFT_COMPILATION_MODE = wholemodule;
				SWIFT_OPTIMIZATION_LEVEL = "-O";
				VALIDATE_PRODUCT = YES;
			};
			name = Release;
		};
		42956E8C26CD8E5000AF696C /* Debug */ = {
			isa = XCBuildConfiguration;
			buildSettings = {
				ASSETCATALOG_COMPILER_APPICON_NAME = AppIcon;
				ASSETCATALOG_COMPILER_GLOBAL_ACCENT_COLOR_NAME = AccentColor;
				CODE_SIGN_STYLE = Automatic;
				INFOPLIST_FILE = prework/Info.plist;
				LD_RUNPATH_SEARCH_PATHS = (
					"$(inherited)",
					"@executable_path/Frameworks",
				);
				PRODUCT_BUNDLE_IDENTIFIER = post.prework;
				PRODUCT_NAME = "$(TARGET_NAME)";
				SWIFT_VERSION = 5.0;
				TARGETED_DEVICE_FAMILY = "1,2";
			};
			name = Debug;
		};
		42956E8D26CD8E5000AF696C /* Release */ = {
			isa = XCBuildConfiguration;
			buildSettings = {
				ASSETCATALOG_COMPILER_APPICON_NAME = AppIcon;
				ASSETCATALOG_COMPILER_GLOBAL_ACCENT_COLOR_NAME = AccentColor;
				CODE_SIGN_STYLE = Automatic;
				INFOPLIST_FILE = prework/Info.plist;
				LD_RUNPATH_SEARCH_PATHS = (
					"$(inherited)",
					"@executable_path/Frameworks",
				);
				PRODUCT_BUNDLE_IDENTIFIER = post.prework;
				PRODUCT_NAME = "$(TARGET_NAME)";
				SWIFT_VERSION = 5.0;
				TARGETED_DEVICE_FAMILY = "1,2";
			};
			name = Release;
		};
		42956E8F26CD8E5000AF696C /* Debug */ = {
			isa = XCBuildConfiguration;
			buildSettings = {
				ALWAYS_EMBED_SWIFT_STANDARD_LIBRARIES = YES;
				BUNDLE_LOADER = "$(TEST_HOST)";
				CODE_SIGN_STYLE = Automatic;
				INFOPLIST_FILE = preworkTests/Info.plist;
				IPHONEOS_DEPLOYMENT_TARGET = 14.5;
				LD_RUNPATH_SEARCH_PATHS = (
					"$(inherited)",
					"@executable_path/Frameworks",
					"@loader_path/Frameworks",
				);
				PRODUCT_BUNDLE_IDENTIFIER = post.preworkTests;
				PRODUCT_NAME = "$(TARGET_NAME)";
				SWIFT_VERSION = 5.0;
				TARGETED_DEVICE_FAMILY = "1,2";
				TEST_HOST = "$(BUILT_PRODUCTS_DIR)/prework.app/prework";
			};
			name = Debug;
		};
		42956E9026CD8E5000AF696C /* Release */ = {
			isa = XCBuildConfiguration;
			buildSettings = {
				ALWAYS_EMBED_SWIFT_STANDARD_LIBRARIES = YES;
				BUNDLE_LOADER = "$(TEST_HOST)";
				CODE_SIGN_STYLE = Automatic;
				INFOPLIST_FILE = preworkTests/Info.plist;
				IPHONEOS_DEPLOYMENT_TARGET = 14.5;
				LD_RUNPATH_SEARCH_PATHS = (
					"$(inherited)",
					"@executable_path/Frameworks",
					"@loader_path/Frameworks",
				);
				PRODUCT_BUNDLE_IDENTIFIER = post.preworkTests;
				PRODUCT_NAME = "$(TARGET_NAME)";
				SWIFT_VERSION = 5.0;
				TARGETED_DEVICE_FAMILY = "1,2";
				TEST_HOST = "$(BUILT_PRODUCTS_DIR)/prework.app/prework";
			};
			name = Release;
		};
		42956E9226CD8E5000AF696C /* Debug */ = {
			isa = XCBuildConfiguration;
			buildSettings = {
				ALWAYS_EMBED_SWIFT_STANDARD_LIBRARIES = YES;
				CODE_SIGN_STYLE = Automatic;
				INFOPLIST_FILE = preworkUITests/Info.plist;
				LD_RUNPATH_SEARCH_PATHS = (
					"$(inherited)",
					"@executable_path/Frameworks",
					"@loader_path/Frameworks",
				);
				PRODUCT_BUNDLE_IDENTIFIER = post.preworkUITests;
				PRODUCT_NAME = "$(TARGET_NAME)";
				SWIFT_VERSION = 5.0;
				TARGETED_DEVICE_FAMILY = "1,2";
				TEST_TARGET_NAME = prework;
			};
			name = Debug;
		};
		42956E9326CD8E5000AF696C /* Release */ = {
			isa = XCBuildConfiguration;
			buildSettings = {
				ALWAYS_EMBED_SWIFT_STANDARD_LIBRARIES = YES;
				CODE_SIGN_STYLE = Automatic;
				INFOPLIST_FILE = preworkUITests/Info.plist;
				LD_RUNPATH_SEARCH_PATHS = (
					"$(inherited)",
					"@executable_path/Frameworks",
					"@loader_path/Frameworks",
				);
				PRODUCT_BUNDLE_IDENTIFIER = post.preworkUITests;
				PRODUCT_NAME = "$(TARGET_NAME)";
				SWIFT_VERSION = 5.0;
				TARGETED_DEVICE_FAMILY = "1,2";
				TEST_TARGET_NAME = prework;
			};
			name = Release;
		};
/* End XCBuildConfiguration section */

/* Begin XCConfigurationList section */
		42956E5C26CD8E4F00AF696C /* Build configuration list for PBXProject "prework" */ = {
			isa = XCConfigurationList;
			buildConfigurations = (
				42956E8926CD8E5000AF696C /* Debug */,
				42956E8A26CD8E5000AF696C /* Release */,
			);
			defaultConfigurationIsVisible = 0;
			defaultConfigurationName = Release;
		};
		42956E8B26CD8E5000AF696C /* Build configuration list for PBXNativeTarget "prework" */ = {
			isa = XCConfigurationList;
			buildConfigurations = (
				42956E8C26CD8E5000AF696C /* Debug */,
				42956E8D26CD8E5000AF696C /* Release */,
			);
			defaultConfigurationIsVisible = 0;
			defaultConfigurationName = Release;
		};
		42956E8E26CD8E5000AF696C /* Build configuration list for PBXNativeTarget "preworkTests" */ = {
			isa = XCConfigurationList;
			buildConfigurations = (
				42956E8F26CD8E5000AF696C /* Debug */,
				42956E9026CD8E5000AF696C /* Release */,
			);
			defaultConfigurationIsVisible = 0;
			defaultConfigurationName = Release;
		};
		42956E9126CD8E5000AF696C /* Build configuration list for PBXNativeTarget "preworkUITests" */ = {
			isa = XCConfigurationList;
			buildConfigurations = (
				42956E9226CD8E5000AF696C /* Debug */,
				42956E9326CD8E5000AF696C /* Release */,
			);
			defaultConfigurationIsVisible = 0;
			defaultConfigurationName = Release;
		};
/* End XCConfigurationList section */
	};
	rootObject = 42956E5926CD8E4F00AF696C /* Project object */;
}
